# THIS IS AN AUTOGENERATED FILE. DO NOT EDIT THIS FILE DIRECTLY.
# yarn lockfile v1


react-window-infinite-loader@^1.0.9:
  version "1.0.9"
  resolved "https://registry.yarnpkg.com/react-window-infinite-loader/-/react-window-infinite-loader-1.0.9.tgz#d861c03d5cbc550e2f185371af820fd22d46c099"
  integrity sha512-5Hg89IdU4Vrp0RT8kZYKeTIxWZYhNkVXeI1HbKo01Vm/Z7qztDvXljwx16sMzsa9yapRJQW3ODZfMUw38SOWHw==
